
Microsoft Visual Studio Solution File, Format Version 12.00
# Visual Studio Version 17
VisualStudioVersion = 17.8.34330.188
MinimumVisualStudioVersion = 10.0.40219.1
Project("{FAE04EC0-301F-11D3-BF4B-00C04F79EFBC}") = "Interface", "Interface\Interface.csproj", "{EFBB1842-4855-4A83-A72C-BC9A70D1FD39}"
EndProject
Global
	GlobalSection(SolutionConfigurationPlatforms) = preSolution
		Debug|Any CPU = Debug|Any CPU
		Release|Any CPU = Release|Any CPU
	EndGlobalSection
	GlobalSection(ProjectConfigurationPlatforms) = postSolution
		{EFBB1842-4855-4A83-A72C-BC9A70D1FD39}.Debug|Any CPU.ActiveCfg = Debug|Any CPU
		{EFBB1842-4855-4A83-A72C-BC9A70D1FD39}.Debug|Any CPU.Build.0 = Debug|Any CPU
		{EFBB1842-4855-4A83-A72C-BC9A70D1FD39}.Release|Any CPU.ActiveCfg = Release|Any CPU
		{EFBB1842-4855-4A83-A72C-BC9A70D1FD39}.Release|Any CPU.Build.0 = Release|Any CPU
	EndGlobalSection
	GlobalSection(SolutionProperties) = preSolution
		HideSolutionNode = FALSE
	EndGlobalSection
	GlobalSection(ExtensibilityGlobals) = postSolution
		SolutionGuid = {A163CA08-62A7-4F70-930D-C71D6519705F}
	EndGlobalSection
EndGlobal
